// !$*UTF8*$!
{
	archiveVersion = 1;
	classes = {
	};
	objectVersion = 46;
	objects = {

/* Begin PBXBuildFile section */
		204601D91C9340AC008065EE /* AppDelegate.swift in Sources */ = {isa = PBXBuildFile; fileRef = 204601D81C9340AC008065EE /* AppDelegate.swift */; };
		204601DB1C9340AC008065EE /* ViewController.swift in Sources */ = {isa = PBXBuildFile; fileRef = 204601DA1C9340AC008065EE /* ViewController.swift */; };
		204601DE1C9340AC008065EE /* Main.storyboard in Resources */ = {isa = PBXBuildFile; fileRef = 204601DC1C9340AC008065EE /* Main.storyboard */; };
		204601E01C9340AC008065EE /* Assets.xcassets in Resources */ = {isa = PBXBuildFile; fileRef = 204601DF1C9340AC008065EE /* Assets.xcassets */; };
		204601E31C9340AC008065EE /* LaunchScreen.storyboard in Resources */ = {isa = PBXBuildFile; fileRef = 204601E11C9340AC008065EE /* LaunchScreen.storyboard */; };
		204601EB1C935901008065EE /* DragImg.swift in Sources */ = {isa = PBXBuildFile; fileRef = 204601EA1C935901008065EE /* DragImg.swift */; };
		204601ED1C9360AB008065EE /* MonsterImg.swift in Sources */ = {isa = PBXBuildFile; fileRef = 204601EC1C9360AB008065EE /* MonsterImg.swift */; };
		209F277A1C93C1E100249927 /* bite.wav in Resources */ = {isa = PBXBuildFile; fileRef = 209F27751C93C1E100249927 /* bite.wav */; };
		209F277B1C93C1E100249927 /* skull.wav in Resources */ = {isa = PBXBuildFile; fileRef = 209F27761C93C1E100249927 /* skull.wav */; };
		209F277C1C93C1E100249927 /* death.wav in Resources */ = {isa = PBXBuildFile; fileRef = 209F27771C93C1E100249927 /* death.wav */; };
		209F277D1C93C1E100249927 /* heart.wav in Resources */ = {isa = PBXBuildFile; fileRef = 209F27781C93C1E100249927 /* heart.wav */; };
		209F277E1C93C1E100249927 /* cave-music.mp3 in Resources */ = {isa = PBXBuildFile; fileRef = 209F27791C93C1E100249927 /* cave-music.mp3 */; };
/* End PBXBuildFile section */

/* Begin PBXFileReference section */
		204601D51C9340AC008065EE /* FeedTheMonster.app */ = {isa = PBXFileReference; explicitFileType = wrapper.application; includeInIndex = 0; path = FeedTheMonster.app; sourceTree = BUILT_PRODUCTS_DIR; };
		204601D81C9340AC008065EE /* AppDelegate.swift */ = {isa = PBXFileReference; lastKnownFileType = sourcecode.swift; path = AppDelegate.swift; sourceTree = "<group>"; };
		204601DA1C9340AC008065EE /* ViewController.swift */ = {isa = PBXFileReference; lastKnownFileType = sourcecode.swift; path = ViewController.swift; sourceTree = "<group>"; };
		204601DD1C9340AC008065EE /* Base */ = {isa = PBXFileReference; lastKnownFileType = file.storyboard; name = Base; path = Base.lproj/Main.storyboard; sourceTree = "<group>"; };
		204601DF1C9340AC008065EE /* Assets.xcassets */ = {isa = PBXFileReference; lastKnownFileType = folder.assetcatalog; path = Assets.xcassets; sourceTree = "<group>"; };
		204601E21C9340AC008065EE /* Base */ = {isa = PBXFileReference; lastKnownFileType = file.storyboard; name = Base; path = Base.lproj/LaunchScreen.storyboard; sourceTree = "<group>"; };
		204601E41C9340AC008065EE /* Info.plist */ = {isa = PBXFileReference; lastKnownFileType = text.plist.xml; path = Info.plist; sourceTree = "<group>"; };
		204601EA1C935901008065EE /* DragImg.swift */ = {isa = PBXFileReference; fileEncoding = 4; lastKnownFileType = sourcecode.swift; path = DragImg.swift; sourceTree = "<group>"; };
		204601EC1C9360AB008065EE /* MonsterImg.swift */ = {isa = PBXFileReference; fileEncoding = 4; lastKnownFileType = sourcecode.swift; path = MonsterImg.swift; sourceTree = "<group>"; };
		209F27751C93C1E100249927 /* bite.wav */ = {isa = PBXFileReference; lastKnownFileType = audio.wav; path = bite.wav; sourceTree = "<group>"; };
		209F27761C93C1E100249927 /* skull.wav */ = {isa = PBXFileReference; lastKnownFileType = audio.wav; path = skull.wav; sourceTree = "<group>"; };
		209F27771C93C1E100249927 /* death.wav */ = {isa = PBXFileReference; lastKnownFileType = audio.wav; path = death.wav; sourceTree = "<group>"; };
		209F27781C93C1E100249927 /* heart.wav */ = {isa = PBXFileReference; lastKnownFileType = audio.wav; path = heart.wav; sourceTree = "<group>"; };
		209F27791C93C1E100249927 /* cave-music.mp3 */ = {isa = PBXFileReference; lastKnownFileType = audio.mp3; path = "cave-music.mp3"; sourceTree = "<group>"; };
/* End PBXFileReference section */

/* Begin PBXFrameworksBuildPhase section */
		204601D21C9340AC008065EE /* Frameworks */ = {
			isa = PBXFrameworksBuildPhase;
			buildActionMask = 2147483647;
			files = (
			);
			runOnlyForDeploymentPostprocessing = 0;
		};
/* End PBXFrameworksBuildPhase section */

/* Begin PBXGroup section */
		204601CC1C9340AC008065EE = {
			isa = PBXGroup;
			children = (
				204601D71C9340AC008065EE /* FeedTheMonster */,
				204601D61C9340AC008065EE /* Products */,
			);
			sourceTree = "<group>";
		};
		204601D61C9340AC008065EE /* Products */ = {
			isa = PBXGroup;
			children = (
				204601D51C9340AC008065EE /* FeedTheMonster.app */,
			);
			name = Products;
			sourceTree = "<group>";
		};
		204601D71C9340AC008065EE /* FeedTheMonster */ = {
			isa = PBXGroup;
			children = (
				209F27741C93C1CD00249927 /* Sound */,
				204601D81C9340AC008065EE /* AppDelegate.swift */,
				204601DA1C9340AC008065EE /* ViewController.swift */,
				204601DC1C9340AC008065EE /* Main.storyboard */,
				204601DF1C9340AC008065EE /* Assets.xcassets */,
				204601E11C9340AC008065EE /* LaunchScreen.storyboard */,
				204601E41C9340AC008065EE /* Info.plist */,
				204601EA1C935901008065EE /* DragImg.swift */,
				204601EC1C9360AB008065EE /* MonsterImg.swift */,
			);
			path = FeedTheMonster;
			sourceTree = "<group>";
		};
		209F27741C93C1CD00249927 /* Sound */ = {
			isa = PBXGroup;
			children = (
				209F27751C93C1E100249927 /* bite.wav */,
				209F27761C93C1E100249927 /* skull.wav */,
				209F27771C93C1E100249927 /* death.wav */,
				209F27781C93C1E100249927 /* heart.wav */,
				209F27791C93C1E100249927 /* cave-music.mp3 */,
			);
			name = Sound;
			sourceTree = "<group>";
		};
/* End PBXGroup section */

/* Begin PBXNativeTarget section */
		204601D41C9340AC008065EE /* FeedTheMonster */ = {
			isa = PBXNativeTarget;
			buildConfigurationList = 204601E71C9340AC008065EE /* Build configuration list for PBXNativeTarget "FeedTheMonster" */;
			buildPhases = (
				204601D11C9340AC008065EE /* Sources */,
				204601D21C9340AC008065EE /* Frameworks */,
				204601D31C9340AC008065EE /* Resources */,
			);
			buildRules = (
			);
			dependencies = (
			);
			name = FeedTheMonster;
			productName = FeedTheMonster;
			productReference = 204601D51C9340AC008065EE /* FeedTheMonster.app */;
			productType = "com.apple.product-type.application";
		};
/* End PBXNativeTarget section */

/* Begin PBXProject section */
		204601CD1C9340AC008065EE /* Project object */ = {
			isa = PBXProject;
			attributes = {
				LastSwiftUpdateCheck = 0720;
				LastUpgradeCheck = 0720;
				ORGANIZATIONNAME = "Stuart Hoffman";
				TargetAttributes = {
					204601D41C9340AC008065EE = {
						CreatedOnToolsVersion = 7.2.1;
					};
				};
			};
			buildConfigurationList = 204601D01C9340AC008065EE /* Build configuration list for PBXProject "FeedTheMonster" */;
			compatibilityVersion = "Xcode 3.2";
			developmentRegion = English;
			hasScannedForEncodings = 0;
			knownRegions = (
				en,
				Base,
			);
			mainGroup = 204601CC1C9340AC008065EE;
			productRefGroup = 204601D61C9340AC008065EE /* Products */;
			projectDirPath = "";
			projectRoot = "";
			targets = (
				204601D41C9340AC008065EE /* FeedTheMonster */,
			);
		};
/* End PBXProject section */

/* Begin PBXResourcesBuildPhase section */
		204601D31C9340AC008065EE /* Resources */ = {
			isa = PBXResourcesBuildPhase;
			buildActionMask = 2147483647;
			files = (
				209F277A1C93C1E100249927 /* bite.wav in Resources */,
				209F277E1C93C1E100249927 /* cave-music.mp3 in Resources */,
				209F277C1C93C1E100249927 /* death.wav in Resources */,
				209F277D1C93C1E100249927 /* heart.wav in Resources */,
				204601E31C9340AC008065EE /* LaunchScreen.storyboard in Resources */,
				204601E01C9340AC008065EE /* Assets.xcassets in Resources */,
				204601DE1C9340AC008065EE /* Main.storyboard in Resources */,
				209F277B1C93C1E100249927 /* skull.wav in Resources */,
			);
			runOnlyForDeploymentPostprocessing = 0;
		};
/* End PBXResourcesBuildPhase section */

/* Begin PBXSourcesBuildPhase section */
		204601D11C9340AC008065EE /* Sources */ = {
			isa = PBXSourcesBuildPhase;
			buildActionMask = 2147483647;
			files = (
				204601ED1C9360AB008065EE /* MonsterImg.swift in Sources */,
				204601EB1C935901008065EE /* DragImg.swift in Sources */,
				204601DB1C9340AC008065EE /* ViewController.swift in Sources */,
				204601D91C9340AC008065EE /* AppDelegate.swift in Sources */,
			);
			runOnlyForDeploymentPostprocessing = 0;
		};
/* End PBXSourcesBuildPhase section */

/* Begin PBXVariantGroup section */
		204601DC1C9340AC008065EE /* Main.storyboard */ = {
			isa = PBXVariantGroup;
			children = (
				204601DD1C9340AC008065EE /* Base */,
			);
			name = Main.storyboard;
			sourceTree = "<group>";
		};
		204601E11C9340AC008065EE /* LaunchScreen.storyboard */ = {
			isa = PBXVariantGroup;
			children = (
				204601E21C9340AC008065EE /* Base */,
			);
			name = LaunchScreen.storyboard;
			sourceTree = "<group>";
		};
/* End PBXVariantGroup section */

/* Begin XCBuildConfiguration section */
		204601E51C9340AC008065EE /* Debug */ = {
			isa = XCBuildConfiguration;
			buildSettings = {
				ALWAYS_SEARCH_USER_PATHS = NO;
				CLANG_CXX_LANGUAGE_STANDARD = "gnu++0x";
				CLANG_CXX_LIBRARY = "libc++";
				CLANG_ENABLE_MODULES = YES;
				CLANG_ENABLE_OBJC_ARC = YES;
				CLANG_WARN_BOOL_CONVERSION = YES;
				CLANG_WARN_CONSTANT_CONVERSION = YES;
				CLANG_WARN_DIRECT_OBJC_ISA_USAGE = YES_ERROR;
				CLANG_WARN_EMPTY_BODY = YES;
				CLANG_WARN_ENUM_CONVERSION = YES;
				CLANG_WARN_INT_CONVERSION = YES;
				CLANG_WARN_OBJC_ROOT_CLASS = YES_ERROR;
				CLANG_WARN_UNREACHABLE_CODE = YES;
				CLANG_WARN__DUPLICATE_METHOD_MATCH = YES;
				"CODE_SIGN_IDENTITY[sdk=iphoneos*]" = "iPhone Developer";
				COPY_PHASE_STRIP = NO;
				DEBUG_INFORMATION_FORMAT = dwarf;
				ENABLE_STRICT_OBJC_MSGSEND = YES;
				ENABLE_TESTABILITY = YES;
				GCC_C_LANGUAGE_STANDARD = gnu99;
				GCC_DYNAMIC_NO_PIC = NO;
				GCC_NO_COMMON_BLOCKS = YES;
				GCC_OPTIMIZATION_LEVEL = 0;
				GCC_PREPROCESSOR_DEFINITIONS = (
					"DEBUG=1",
					"$(inherited)",
				);
				GCC_WARN_64_TO_32_BIT_CONVERSION = YES;
				GCC_WARN_ABOUT_RETURN_TYPE = YES_ERROR;
				GCC_WARN_UNDECLARED_SELECTOR = YES;
				GCC_WARN_UNINITIALIZED_AUTOS = YES_AGGRESSIVE;
				GCC_WARN_UNUSED_FUNCTION = YES;
				GCC_WARN_UNUSED_VARIABLE = YES;
				IPHONEOS_DEPLOYMENT_TARGET = 9.2;
				MTL_ENABLE_DEBUG_INFO = YES;
				ONLY_ACTIVE_ARCH = YES;
				SDKROOT = iphoneos;
				SWIFT_OPTIMIZATION_LEVEL = "-Onone";
				TARGETED_DEVICE_FAMILY = "1,2";
			};
			name = Debug;
		};
		204601E61C9340AC008065EE /* Release */ = {
			isa = XCBuildConfiguration;
			buildSettings = {
				ALWAYS_SEARCH_USER_PATHS = NO;
				CLANG_CXX_LANGUAGE_STANDARD = "gnu++0x";
				CLANG_CXX_LIBRARY = "libc++";
				CLANG_ENABLE_MODULES = YES;
				CLANG_ENABLE_OBJC_ARC = YES;
				CLANG_WARN_BOOL_CONVERSION = YES;
				CLANG_WARN_CONSTANT_CONVERSION = YES;
				CLANG_WARN_DIRECT_OBJC_ISA_USAGE = YES_ERROR;
				CLANG_WARN_EMPTY_BODY = YES;
				CLANG_WARN_ENUM_CONVERSION = YES;
				CLANG_WARN_INT_CONVERSION = YES;
				CLANG_WARN_OBJC_ROOT_CLASS = YES_ERROR;
				CLANG_WARN_UNREACHABLE_CODE = YES;
				CLANG_WARN__DUPLICATE_METHOD_MATCH = YES;
				"CODE_SIGN_IDENTITY[sdk=iphoneos*]" = "iPhone Developer";
				COPY_PHASE_STRIP = NO;
				DEBUG_INFORMATION_FORMAT = "dwarf-with-dsym";
				ENABLE_NS_ASSERTIONS = NO;
				ENABLE_STRICT_OBJC_MSGSEND = YES;
				GCC_C_LANGUAGE_STANDARD = gnu99;
				GCC_NO_COMMON_BLOCKS = YES;
				GCC_WARN_64_TO_32_BIT_CONVERSION = YES;
				GCC_WARN_ABOUT_RETURN_TYPE = YES_ERROR;
				GCC_WARN_UNDECLARED_SELECTOR = YES;
				GCC_WARN_UNINITIALIZED_AUTOS = YES_AGGRESSIVE;
				GCC_WARN_UNUSED_FUNCTION = YES;
				GCC_WARN_UNUSED_VARIABLE = YES;
				IPHONEOS_DEPLOYMENT_TARGET = 9.2;
				MTL_ENABLE_DEBUG_INFO = NO;
				SDKROOT = iphoneos;
				TARGETED_DEVICE_FAMILY = "1,2";
				VALIDATE_PRODUCT = YES;
			};
			name = Release;
		};
		204601E81C9340AC008065EE /* Debug */ = {
			isa = XCBuildConfiguration;
			buildSettings = {
				ASSETCATALOG_COMPILER_APPICON_NAME = AppIcon;
				INFOPLIST_FILE = FeedTheMonster/Info.plist;
				LD_RUNPATH_SEARCH_PATHS = "$(inherited) @executable_path/Frameworks";
				PRODUCT_BUNDLE_IDENTIFIER = com.hoffman.FeedTheMonster;
				PRODUCT_NAME = "$(TARGET_NAME)";
			};
			name = Debug;
		};
		204601E91C9340AC008065EE /* Release */ = {
			isa = XCBuildConfiguration;
			buildSettings = {
				ASSETCATALOG_COMPILER_APPICON_NAME = AppIcon;
				INFOPLIST_FILE = FeedTheMonster/Info.plist;
				LD_RUNPATH_SEARCH_PATHS = "$(inherited) @executable_path/Frameworks";
				PRODUCT_BUNDLE_IDENTIFIER = com.hoffman.FeedTheMonster;
				PRODUCT_NAME = "$(TARGET_NAME)";
			};
			name = Release;
		};
/* End XCBuildConfiguration section */

/* Begin XCConfigurationList section */
		204601D01C9340AC008065EE /* Build configuration list for PBXProject "FeedTheMonster" */ = {
			isa = XCConfigurationList;
			buildConfigurations = (
				204601E51C9340AC008065EE /* Debug */,
				204601E61C9340AC008065EE /* Release */,
			);
			defaultConfigurationIsVisible = 0;
			defaultConfigurationName = Release;
		};
		204601E71C9340AC008065EE /* Build configuration list for PBXNativeTarget "FeedTheMonster" */ = {
			isa = XCConfigurationList;
			buildConfigurations = (
				204601E81C9340AC008065EE /* Debug */,
				204601E91C9340AC008065EE /* Release */,
			);
			defaultConfigurationIsVisible = 0;
			defaultConfigurationName = Release;
		};
/* End XCConfigurationList section */
	};
	rootObject = 204601CD1C9340AC008065EE /* Project object */;
}
